
Microsoft Visual Studio Solution File, Format Version 12.00
# Visual Studio Version 16
VisualStudioVersion = 16.0.33214.272
MinimumVisualStudioVersion = 10.0.40219.1
Project("{FAE04EC0-301F-11D3-BF4B-00C04F79EFBC}") = "BackOffice", "BackOffice\BackOffice.csproj", "{E70B147C-F042-4871-BDB5-B821A56A944E}"
EndProject
Project("{FAE04EC0-301F-11D3-BF4B-00C04F79EFBC}") = "FrontOffice", "FrontOffice\FrontOffice.csproj", "{DC0A16F2-3A08-4F19-A41A-DAB7D06CEC41}"
EndProject
Project("{FAE04EC0-301F-11D3-BF4B-00C04F79EFBC}") = "Classes", "Classes\Classes.csproj", "{CD1BD3BD-C704-4310-AE57-EE922820288A}"
EndProject
Project("{FAE04EC0-301F-11D3-BF4B-00C04F79EFBC}") = "Testing", "Testing\Testing.csproj", "{EE11F6B1-2B0E-4A16-B99F-0181F997BD03}"
EndProject
Global
	GlobalSection(SolutionConfigurationPlatforms) = preSolution
		Debug|Any CPU = Debug|Any CPU
		Release|Any CPU = Release|Any CPU
	EndGlobalSection
	GlobalSection(ProjectConfigurationPlatforms) = postSolution
		{E70B147C-F042-4871-BDB5-B821A56A944E}.Debug|Any CPU.ActiveCfg = Debug|Any CPU
		{E70B147C-F042-4871-BDB5-B821A56A944E}.Debug|Any CPU.Build.0 = Debug|Any CPU
		{E70B147C-F042-4871-BDB5-B821A56A944E}.Release|Any CPU.ActiveCfg = Release|Any CPU
		{E70B147C-F042-4871-BDB5-B821A56A944E}.Release|Any CPU.Build.0 = Release|Any CPU
		{DC0A16F2-3A08-4F19-A41A-DAB7D06CEC41}.Debug|Any CPU.ActiveCfg = Debug|Any CPU
		{DC0A16F2-3A08-4F19-A41A-DAB7D06CEC41}.Debug|Any CPU.Build.0 = Debug|Any CPU
		{DC0A16F2-3A08-4F19-A41A-DAB7D06CEC41}.Release|Any CPU.ActiveCfg = Release|Any CPU
		{DC0A16F2-3A08-4F19-A41A-DAB7D06CEC41}.Release|Any CPU.Build.0 = Release|Any CPU
		{CD1BD3BD-C704-4310-AE57-EE922820288A}.Debug|Any CPU.ActiveCfg = Debug|Any CPU
		{CD1BD3BD-C704-4310-AE57-EE922820288A}.Debug|Any CPU.Build.0 = Debug|Any CPU
		{CD1BD3BD-C704-4310-AE57-EE922820288A}.Release|Any CPU.ActiveCfg = Release|Any CPU
		{CD1BD3BD-C704-4310-AE57-EE922820288A}.Release|Any CPU.Build.0 = Release|Any CPU
		{EE11F6B1-2B0E-4A16-B99F-0181F997BD03}.Debug|Any CPU.ActiveCfg = Debug|Any CPU
		{EE11F6B1-2B0E-4A16-B99F-0181F997BD03}.Debug|Any CPU.Build.0 = Debug|Any CPU
		{EE11F6B1-2B0E-4A16-B99F-0181F997BD03}.Release|Any CPU.ActiveCfg = Release|Any CPU
		{EE11F6B1-2B0E-4A16-B99F-0181F997BD03}.Release|Any CPU.Build.0 = Release|Any CPU
	EndGlobalSection
	GlobalSection(SolutionProperties) = preSolution
		HideSolutionNode = FALSE
	EndGlobalSection
	GlobalSection(ExtensibilityGlobals) = postSolution
		SolutionGuid = {89893940-DF15-4502-86DB-BB60D455CBB3}
	EndGlobalSection
EndGlobal
